
Microsoft Visual Studio Solution File, Format Version 12.00
# Visual Studio Version 17
VisualStudioVersion = 17.4.33403.182
MinimumVisualStudioVersion = 10.0.40219.1
Project("{9A19103F-16F7-4668-BE54-9A1E7A4F7556}") = "ITWorxCourse.PL", "ITWorxCourse.PL.csproj", "{3201747B-D9F0-4DB4-A76E-9CA5E3746B73}"
EndProject
Project("{9A19103F-16F7-4668-BE54-9A1E7A4F7556}") = "ITWorxCourse.DAL", "..\ITWorxCourse.DAL\ITWorxCourse.DAL.csproj", "{775A0323-5281-4A41-A111-2852277610EA}"
EndProject
Project("{9A19103F-16F7-4668-BE54-9A1E7A4F7556}") = "ITWorxCourse.BLL", "..\ITWorxCourse.BLL\ITWorxCourse.BLL.csproj", "{3B64A020-B3FB-4086-BF95-C0A72AF675B8}"
EndProject
Global
	GlobalSection(SolutionConfigurationPlatforms) = preSolution
		Debug|Any CPU = Debug|Any CPU
		Release|Any CPU = Release|Any CPU
	EndGlobalSection
	GlobalSection(ProjectConfigurationPlatforms) = postSolution
		{3201747B-D9F0-4DB4-A76E-9CA5E3746B73}.Debug|Any CPU.ActiveCfg = Debug|Any CPU
		{3201747B-D9F0-4DB4-A76E-9CA5E3746B73}.Debug|Any CPU.Build.0 = Debug|Any CPU
		{3201747B-D9F0-4DB4-A76E-9CA5E3746B73}.Release|Any CPU.ActiveCfg = Release|Any CPU
		{3201747B-D9F0-4DB4-A76E-9CA5E3746B73}.Release|Any CPU.Build.0 = Release|Any CPU
		{775A0323-5281-4A41-A111-2852277610EA}.Debug|Any CPU.ActiveCfg = Debug|Any CPU
		{775A0323-5281-4A41-A111-2852277610EA}.Debug|Any CPU.Build.0 = Debug|Any CPU
		{775A0323-5281-4A41-A111-2852277610EA}.Release|Any CPU.ActiveCfg = Release|Any CPU
		{775A0323-5281-4A41-A111-2852277610EA}.Release|Any CPU.Build.0 = Release|Any CPU
		{3B64A020-B3FB-4086-BF95-C0A72AF675B8}.Debug|Any CPU.ActiveCfg = Debug|Any CPU
		{3B64A020-B3FB-4086-BF95-C0A72AF675B8}.Debug|Any CPU.Build.0 = Debug|Any CPU
		{3B64A020-B3FB-4086-BF95-C0A72AF675B8}.Release|Any CPU.ActiveCfg = Release|Any CPU
		{3B64A020-B3FB-4086-BF95-C0A72AF675B8}.Release|Any CPU.Build.0 = Release|Any CPU
	EndGlobalSection
	GlobalSection(SolutionProperties) = preSolution
		HideSolutionNode = FALSE
	EndGlobalSection
	GlobalSection(ExtensibilityGlobals) = postSolution
		SolutionGuid = {AE7D3B9D-1150-4227-B124-30473E26D98C}
	EndGlobalSection
EndGlobal
